
Microsoft Visual Studio Solution File, Format Version 12.00
# Visual Studio Version 17
VisualStudioVersion = 17.11.35222.181
MinimumVisualStudioVersion = 10.0.40219.1
Project("{FAE04EC0-301F-11D3-BF4B-00C04F79EFBC}") = "chatgroup-server", "chatgroup-server\chatgroup-server.csproj", "{217D0788-B7B0-47E9-827D-D6975D3F3011}"
EndProject
Project("{2150E333-8FDC-42A3-9474-1A3956D46DE8}") = "Solution Items", "Solution Items", "{8EC462FD-D22E-90A8-E5CE-7E832BA40C5D}"
	ProjectSection(SolutionItems) = preProject
		docker-compose.yml = docker-compose.yml
	EndProjectSection
EndProject
Global
	GlobalSection(SolutionConfigurationPlatforms) = preSolution
		Debug|Any CPU = Debug|Any CPU
		Release|Any CPU = Release|Any CPU
	EndGlobalSection
	GlobalSection(ProjectConfigurationPlatforms) = postSolution
		{217D0788-B7B0-47E9-827D-D6975D3F3011}.Debug|Any CPU.ActiveCfg = Debug|Any CPU
		{217D0788-B7B0-47E9-827D-D6975D3F3011}.Debug|Any CPU.Build.0 = Debug|Any CPU
		{217D0788-B7B0-47E9-827D-D6975D3F3011}.Release|Any CPU.ActiveCfg = Release|Any CPU
		{217D0788-B7B0-47E9-827D-D6975D3F3011}.Release|Any CPU.Build.0 = Release|Any CPU
	EndGlobalSection
	GlobalSection(SolutionProperties) = preSolution
		HideSolutionNode = FALSE
	EndGlobalSection
	GlobalSection(ExtensibilityGlobals) = postSolution
		SolutionGuid = {B4D37A41-CAFE-49A6-B059-048CA9F32B33}
	EndGlobalSection
EndGlobal
